
Microsoft Visual Studio Solution File, Format Version 12.00
# Visual Studio Version 17
VisualStudioVersion = 17.2.32616.157
MinimumVisualStudioVersion = 10.0.40219.1
Project("{FAE04EC0-301F-11D3-BF4B-00C04F79EFBC}") = "BingAutoReward", "BingAutoReward\BingAutoReward.csproj", "{BA2CCE72-8A98-438D-B78E-2C218ECDB60F}"
EndProject
Global
	GlobalSection(SolutionConfigurationPlatforms) = preSolution
		Debug|Any CPU = Debug|Any CPU
		Release|Any CPU = Release|Any CPU
	EndGlobalSection
	GlobalSection(ProjectConfigurationPlatforms) = postSolution
		{BA2CCE72-8A98-438D-B78E-2C218ECDB60F}.Debug|Any CPU.ActiveCfg = Debug|Any CPU
		{BA2CCE72-8A98-438D-B78E-2C218ECDB60F}.Debug|Any CPU.Build.0 = Debug|Any CPU
		{BA2CCE72-8A98-438D-B78E-2C218ECDB60F}.Release|Any CPU.ActiveCfg = Release|Any CPU
		{BA2CCE72-8A98-438D-B78E-2C218ECDB60F}.Release|Any CPU.Build.0 = Release|Any CPU
	EndGlobalSection
	GlobalSection(SolutionProperties) = preSolution
		HideSolutionNode = FALSE
	EndGlobalSection
	GlobalSection(ExtensibilityGlobals) = postSolution
		SolutionGuid = {463D234A-0FBD-4338-9AB2-68843D1D6B42}
	EndGlobalSection
EndGlobal
